
Microsoft Visual Studio Solution File, Format Version 12.00
# Visual Studio 14
VisualStudioVersion = 14.0.24720.0
MinimumVisualStudioVersion = 10.0.40219.1
Project("{FAE04EC0-301F-11D3-BF4B-00C04F79EFBC}") = "ReflectionDemo", "ReflectionDemo\ReflectionDemo.csproj", "{B802B33C-10F0-4E89-AF74-5B1FC926CA00}"
EndProject
Project("{FAE04EC0-301F-11D3-BF4B-00C04F79EFBC}") = "Lib1", "Lib1\Lib1.csproj", "{288E9E74-D6E1-4523-B6E6-A189A8516DC1}"
EndProject
Project("{FAE04EC0-301F-11D3-BF4B-00C04F79EFBC}") = "Lib2", "Lib2\Lib2.csproj", "{5DEB19B4-3BD3-4774-96CB-5163EB3E9532}"
EndProject
Project("{FAE04EC0-301F-11D3-BF4B-00C04F79EFBC}") = "InterfaceLib", "InterfaceLib\InterfaceLib.csproj", "{7D9CF854-32C2-4D84-B28E-2F93E43D7927}"
EndProject
Project("{FAE04EC0-301F-11D3-BF4B-00C04F79EFBC}") = "UnitTest", "UnitTest\UnitTest.csproj", "{A0C99560-DAAD-470C-80F6-D59EA24E224F}"
EndProject
Project("{FAE04EC0-301F-11D3-BF4B-00C04F79EFBC}") = "DynamicDemoApp", "DynamicDemoApp\DynamicDemoApp.csproj", "{53C59F79-1E12-4ECF-8CE9-63C65C6D6960}"
EndProject
Global
	GlobalSection(SolutionConfigurationPlatforms) = preSolution
		Debug|Any CPU = Debug|Any CPU
		Debug|x86 = Debug|x86
		Release|Any CPU = Release|Any CPU
		Release|x86 = Release|x86
	EndGlobalSection
	GlobalSection(ProjectConfigurationPlatforms) = postSolution
		{B802B33C-10F0-4E89-AF74-5B1FC926CA00}.Debug|Any CPU.ActiveCfg = Debug|Any CPU
		{B802B33C-10F0-4E89-AF74-5B1FC926CA00}.Debug|Any CPU.Build.0 = Debug|Any CPU
		{B802B33C-10F0-4E89-AF74-5B1FC926CA00}.Debug|x86.ActiveCfg = Debug|Any CPU
		{B802B33C-10F0-4E89-AF74-5B1FC926CA00}.Debug|x86.Build.0 = Debug|Any CPU
		{B802B33C-10F0-4E89-AF74-5B1FC926CA00}.Release|Any CPU.ActiveCfg = Release|Any CPU
		{B802B33C-10F0-4E89-AF74-5B1FC926CA00}.Release|Any CPU.Build.0 = Release|Any CPU
		{B802B33C-10F0-4E89-AF74-5B1FC926CA00}.Release|x86.ActiveCfg = Release|Any CPU
		{B802B33C-10F0-4E89-AF74-5B1FC926CA00}.Release|x86.Build.0 = Release|Any CPU
		{288E9E74-D6E1-4523-B6E6-A189A8516DC1}.Debug|Any CPU.ActiveCfg = Debug|Any CPU
		{288E9E74-D6E1-4523-B6E6-A189A8516DC1}.Debug|Any CPU.Build.0 = Debug|Any CPU
		{288E9E74-D6E1-4523-B6E6-A189A8516DC1}.Debug|x86.ActiveCfg = Debug|Any CPU
		{288E9E74-D6E1-4523-B6E6-A189A8516DC1}.Debug|x86.Build.0 = Debug|Any CPU
		{288E9E74-D6E1-4523-B6E6-A189A8516DC1}.Release|Any CPU.ActiveCfg = Release|Any CPU
		{288E9E74-D6E1-4523-B6E6-A189A8516DC1}.Release|Any CPU.Build.0 = Release|Any CPU
		{288E9E74-D6E1-4523-B6E6-A189A8516DC1}.Release|x86.ActiveCfg = Release|Any CPU
		{288E9E74-D6E1-4523-B6E6-A189A8516DC1}.Release|x86.Build.0 = Release|Any CPU
		{5DEB19B4-3BD3-4774-96CB-5163EB3E9532}.Debug|Any CPU.ActiveCfg = Debug|Any CPU
		{5DEB19B4-3BD3-4774-96CB-5163EB3E9532}.Debug|Any CPU.Build.0 = Debug|Any CPU
		{5DEB19B4-3BD3-4774-96CB-5163EB3E9532}.Debug|x86.ActiveCfg = Debug|Any CPU
		{5DEB19B4-3BD3-4774-96CB-5163EB3E9532}.Debug|x86.Build.0 = Debug|Any CPU
		{5DEB19B4-3BD3-4774-96CB-5163EB3E9532}.Release|Any CPU.ActiveCfg = Release|Any CPU
		{5DEB19B4-3BD3-4774-96CB-5163EB3E9532}.Release|Any CPU.Build.0 = Release|Any CPU
		{5DEB19B4-3BD3-4774-96CB-5163EB3E9532}.Release|x86.ActiveCfg = Release|Any CPU
		{5DEB19B4-3BD3-4774-96CB-5163EB3E9532}.Release|x86.Build.0 = Release|Any CPU
		{7D9CF854-32C2-4D84-B28E-2F93E43D7927}.Debug|Any CPU.ActiveCfg = Debug|Any CPU
		{7D9CF854-32C2-4D84-B28E-2F93E43D7927}.Debug|Any CPU.Build.0 = Debug|Any CPU
		{7D9CF854-32C2-4D84-B28E-2F93E43D7927}.Debug|x86.ActiveCfg = Debug|Any CPU
		{7D9CF854-32C2-4D84-B28E-2F93E43D7927}.Debug|x86.Build.0 = Debug|Any CPU
		{7D9CF854-32C2-4D84-B28E-2F93E43D7927}.Release|Any CPU.ActiveCfg = Release|Any CPU
		{7D9CF854-32C2-4D84-B28E-2F93E43D7927}.Release|Any CPU.Build.0 = Release|Any CPU
		{7D9CF854-32C2-4D84-B28E-2F93E43D7927}.Release|x86.ActiveCfg = Release|Any CPU
		{7D9CF854-32C2-4D84-B28E-2F93E43D7927}.Release|x86.Build.0 = Release|Any CPU
		{A0C99560-DAAD-470C-80F6-D59EA24E224F}.Debug|Any CPU.ActiveCfg = Debug|Any CPU
		{A0C99560-DAAD-470C-80F6-D59EA24E224F}.Debug|Any CPU.Build.0 = Debug|Any CPU
		{A0C99560-DAAD-470C-80F6-D59EA24E224F}.Debug|x86.ActiveCfg = Debug|Any CPU
		{A0C99560-DAAD-470C-80F6-D59EA24E224F}.Debug|x86.Build.0 = Debug|Any CPU
		{A0C99560-DAAD-470C-80F6-D59EA24E224F}.Release|Any CPU.ActiveCfg = Release|Any CPU
		{A0C99560-DAAD-470C-80F6-D59EA24E224F}.Release|Any CPU.Build.0 = Release|Any CPU
		{A0C99560-DAAD-470C-80F6-D59EA24E224F}.Release|x86.ActiveCfg = Release|Any CPU
		{A0C99560-DAAD-470C-80F6-D59EA24E224F}.Release|x86.Build.0 = Release|Any CPU
		{53C59F79-1E12-4ECF-8CE9-63C65C6D6960}.Debug|Any CPU.ActiveCfg = Debug|x86
		{53C59F79-1E12-4ECF-8CE9-63C65C6D6960}.Debug|x86.ActiveCfg = Debug|x86
		{53C59F79-1E12-4ECF-8CE9-63C65C6D6960}.Debug|x86.Build.0 = Debug|x86
		{53C59F79-1E12-4ECF-8CE9-63C65C6D6960}.Release|Any CPU.ActiveCfg = Release|x86
		{53C59F79-1E12-4ECF-8CE9-63C65C6D6960}.Release|x86.ActiveCfg = Release|x86
		{53C59F79-1E12-4ECF-8CE9-63C65C6D6960}.Release|x86.Build.0 = Release|x86
	EndGlobalSection
	GlobalSection(SolutionProperties) = preSolution
		HideSolutionNode = FALSE
	EndGlobalSection
EndGlobal
